
Microsoft Visual Studio Solution File, Format Version 12.00
# Visual Studio 15
VisualStudioVersion = 15.0.28307.106
MinimumVisualStudioVersion = 10.0.40219.1
Project("{9A19103F-16F7-4668-BE54-9A1E7A4F7556}") = "Training", "Training\Training.csproj", "{E2A32B94-6A0E-450D-B7A1-6C8B87F7FA03}"
EndProject
Project("{FAE04EC0-301F-11D3-BF4B-00C04F79EFBC}") = "Training.Tests", "Training.Tests\Training.Tests.csproj", "{7ADF07D7-C2EA-4A24-98D0-8B46F827CE27}"
EndProject
Global
	GlobalSection(SolutionConfigurationPlatforms) = preSolution
		Debug|Any CPU = Debug|Any CPU
		Release|Any CPU = Release|Any CPU
	EndGlobalSection
	GlobalSection(ProjectConfigurationPlatforms) = postSolution
		{E2A32B94-6A0E-450D-B7A1-6C8B87F7FA03}.Debug|Any CPU.ActiveCfg = Debug|Any CPU
		{E2A32B94-6A0E-450D-B7A1-6C8B87F7FA03}.Debug|Any CPU.Build.0 = Debug|Any CPU
		{E2A32B94-6A0E-450D-B7A1-6C8B87F7FA03}.Release|Any CPU.ActiveCfg = Release|Any CPU
		{E2A32B94-6A0E-450D-B7A1-6C8B87F7FA03}.Release|Any CPU.Build.0 = Release|Any CPU
		{7ADF07D7-C2EA-4A24-98D0-8B46F827CE27}.Debug|Any CPU.ActiveCfg = Debug|Any CPU
		{7ADF07D7-C2EA-4A24-98D0-8B46F827CE27}.Debug|Any CPU.Build.0 = Debug|Any CPU
		{7ADF07D7-C2EA-4A24-98D0-8B46F827CE27}.Release|Any CPU.ActiveCfg = Release|Any CPU
		{7ADF07D7-C2EA-4A24-98D0-8B46F827CE27}.Release|Any CPU.Build.0 = Release|Any CPU
	EndGlobalSection
	GlobalSection(SolutionProperties) = preSolution
		HideSolutionNode = FALSE
	EndGlobalSection
	GlobalSection(ExtensibilityGlobals) = postSolution
		SolutionGuid = {0340C063-48BB-4019-9F1B-8C5EE6987AAA}
	EndGlobalSection
EndGlobal
